github.com/nbvghost/glog v1.0.0 h1:qn4r1gjUx4COuMcHOqmCYQhBsh6aFB5VcxZsL8NiFBc=
github.com/nbvghost/glog v1.0.0/go.mod h1:MpQrW1hH71geowXb/iED845KLTgcqEXETwLmqZH7vVE=
github.com/nbvghost/gweb v1.0.0/go.mod h1:oowD949KJ8y884bxSeJaxlzPp82lLSbXJu04BlvMCwE=
github.com/nbvghost/gweb v1.1.4 h1:vRbd3M2ybKi4BuuTPhiu/ACNyeAYymqD1ZDfoflOAIs=
github.com/nbvghost/gweb v1.1.4/go.mod h1:kEnxI4EavcVZfdjhRcIrVY5FMiWx8NzRVvf6RHDGVRE=
